
Microsoft Visual Studio Solution File, Format Version 12.00
# Visual Studio Version 16
VisualStudioVersion = 16.0.30907.101
MinimumVisualStudioVersion = 10.0.40219.1
Project("{FAE04EC0-301F-11D3-BF4B-00C04F79EFBC}") = "LibraryBL", "LibraryBL\LibraryBL.csproj", "{53B2BE7E-9804-4582-BBE5-C7EA53B6BA3A}"
EndProject
Project("{FAE04EC0-301F-11D3-BF4B-00C04F79EFBC}") = "LibraryUI", "LibraryUI\LibraryUI.csproj", "{277726EE-242E-4A2E-83D1-2EBB2D85F642}"
EndProject
Global
	GlobalSection(SolutionConfigurationPlatforms) = preSolution
		Debug|Any CPU = Debug|Any CPU
		Release|Any CPU = Release|Any CPU
	EndGlobalSection
	GlobalSection(ProjectConfigurationPlatforms) = postSolution
		{53B2BE7E-9804-4582-BBE5-C7EA53B6BA3A}.Debug|Any CPU.ActiveCfg = Debug|Any CPU
		{53B2BE7E-9804-4582-BBE5-C7EA53B6BA3A}.Debug|Any CPU.Build.0 = Debug|Any CPU
		{53B2BE7E-9804-4582-BBE5-C7EA53B6BA3A}.Release|Any CPU.ActiveCfg = Release|Any CPU
		{53B2BE7E-9804-4582-BBE5-C7EA53B6BA3A}.Release|Any CPU.Build.0 = Release|Any CPU
		{277726EE-242E-4A2E-83D1-2EBB2D85F642}.Debug|Any CPU.ActiveCfg = Debug|Any CPU
		{277726EE-242E-4A2E-83D1-2EBB2D85F642}.Debug|Any CPU.Build.0 = Debug|Any CPU
		{277726EE-242E-4A2E-83D1-2EBB2D85F642}.Release|Any CPU.ActiveCfg = Release|Any CPU
		{277726EE-242E-4A2E-83D1-2EBB2D85F642}.Release|Any CPU.Build.0 = Release|Any CPU
	EndGlobalSection
	GlobalSection(SolutionProperties) = preSolution
		HideSolutionNode = FALSE
	EndGlobalSection
	GlobalSection(ExtensibilityGlobals) = postSolution
		SolutionGuid = {5DD313B6-015D-40C6-A3F5-F69A2867FA74}
	EndGlobalSection
EndGlobal
